
Microsoft Visual Studio Solution File, Format Version 12.00
# Visual Studio Version 17
VisualStudioVersion = 17.3.32804.467
MinimumVisualStudioVersion = 10.0.40219.1
Project("{9A19103F-16F7-4668-BE54-9A1E7A4F7556}") = "TalentPlusProjectAPI", "TalentPlusProjectAPI\TalentPlusProjectAPI.csproj", "{974B7742-05CC-46FA-A94F-99F4631791FB}"
EndProject
Project("{FAE04EC0-301F-11D3-BF4B-00C04F79EFBC}") = "TalentWebUI", "TalentWebUI\TalentWebUI.csproj", "{995C9E04-BD2F-4881-8528-928A7FF730E4}"
EndProject
Global
	GlobalSection(SolutionConfigurationPlatforms) = preSolution
		Debug|Any CPU = Debug|Any CPU
		Release|Any CPU = Release|Any CPU
	EndGlobalSection
	GlobalSection(ProjectConfigurationPlatforms) = postSolution
		{974B7742-05CC-46FA-A94F-99F4631791FB}.Debug|Any CPU.ActiveCfg = Debug|Any CPU
		{974B7742-05CC-46FA-A94F-99F4631791FB}.Debug|Any CPU.Build.0 = Debug|Any CPU
		{974B7742-05CC-46FA-A94F-99F4631791FB}.Release|Any CPU.ActiveCfg = Release|Any CPU
		{974B7742-05CC-46FA-A94F-99F4631791FB}.Release|Any CPU.Build.0 = Release|Any CPU
		{995C9E04-BD2F-4881-8528-928A7FF730E4}.Debug|Any CPU.ActiveCfg = Debug|Any CPU
		{995C9E04-BD2F-4881-8528-928A7FF730E4}.Debug|Any CPU.Build.0 = Debug|Any CPU
		{995C9E04-BD2F-4881-8528-928A7FF730E4}.Release|Any CPU.ActiveCfg = Release|Any CPU
		{995C9E04-BD2F-4881-8528-928A7FF730E4}.Release|Any CPU.Build.0 = Release|Any CPU
	EndGlobalSection
	GlobalSection(SolutionProperties) = preSolution
		HideSolutionNode = FALSE
	EndGlobalSection
	GlobalSection(ExtensibilityGlobals) = postSolution
		SolutionGuid = {68FD10E3-0C57-46C6-B539-18FF93A8651A}
	EndGlobalSection
EndGlobal
